
Microsoft Visual Studio Solution File, Format Version 12.00
# Visual Studio Version 17
VisualStudioVersion = 17.0.31903.59
MinimumVisualStudioVersion = 10.0.40219.1
Project("{2150E333-8FDC-42A3-9474-1A3956D46DE8}") = "src", "src", "{A637E32D-3AA9-43EC-ABF3-52D61EDEA3DD}"
EndProject
Project("{2150E333-8FDC-42A3-9474-1A3956D46DE8}") = "hosts", "hosts", "{3110EB4E-1D7A-4575-AFC0-2A0DFEA4CFA8}"
EndProject
Project("{FAE04EC0-301F-11D3-BF4B-00C04F79EFBC}") = "Varca.Content.API", "src\hosts\Varca.Content.API\Varca.Content.API.csproj", "{65768227-27AB-4C86-9973-35647F255850}"
EndProject
Project("{FAE04EC0-301F-11D3-BF4B-00C04F79EFBC}") = "Varca.Place.API", "src\hosts\Varca.Place.API\Varca.Place.API.csproj", "{A9ACAE2D-FDB6-4767-9AAE-0964F051058D}"
EndProject
Project("{FAE04EC0-301F-11D3-BF4B-00C04F79EFBC}") = "Varca.GeoSearch.API", "src\hosts\Varca.GeoSearch.API\Varca.GeoSearch.API.csproj", "{10970AC1-9B5A-4670-901C-47B26AF04A64}"
EndProject
Project("{FAE04EC0-301F-11D3-BF4B-00C04F79EFBC}") = "Varca.API.Resources", "src\Varca.API.Resources\Varca.API.Resources.csproj", "{77A7FF15-32E9-44C5-81B0-C96EED8434ED}"
EndProject
Project("{FAE04EC0-301F-11D3-BF4B-00C04F79EFBC}") = "Varca.Domain", "src\Varca.Domain\Varca.Domain.csproj", "{ED76828B-5476-445E-B9E0-AB576F531DFE}"
EndProject
Project("{FAE04EC0-301F-11D3-BF4B-00C04F79EFBC}") = "Varca.Caching", "src\Varca.Caching\Varca.Caching.csproj", "{9C3EF904-6950-499C-BC8D-1527FBB81B0A}"
EndProject
Project("{FAE04EC0-301F-11D3-BF4B-00C04F79EFBC}") = "Varca.Persistence", "src\Varca.Persistence\Varca.Persistence.csproj", "{0F55BC2E-02FC-4F4D-AA52-EEAFED6EDD94}"
EndProject
Project("{FAE04EC0-301F-11D3-BF4B-00C04F79EFBC}") = "Varca.Domain.Services", "src\Varca.Domain.Services\Varca.Domain.Services.csproj", "{7BF2121F-643A-40D4-B5FE-57E603A0F511}"
EndProject
Project("{FAE04EC0-301F-11D3-BF4B-00C04F79EFBC}") = "Varca.Pit.API", "src\hosts\Varca.Pit.API\Varca.Pit.API.csproj", "{5B726405-BFED-45DD-976D-28069B4C8826}"
EndProject
Project("{FAE04EC0-301F-11D3-BF4B-00C04F79EFBC}") = "Varca.Pit.Geometry.Worker", "src\hosts\Varca.Pit.Geometry.Worker\Varca.Pit.Geometry.Worker.csproj", "{78C26148-1126-488C-9804-17AC9CC0E1F0}"
EndProject
Project("{FAE04EC0-301F-11D3-BF4B-00C04F79EFBC}") = "Varca.Pit.Place.Worker", "src\hosts\Varca.Pit.Place.Worker\Varca.Pit.Place.Worker.csproj", "{3867B2B2-4AB6-4808-9103-6C7E83FAF12E}"
EndProject
Global
	GlobalSection(SolutionConfigurationPlatforms) = preSolution
		Debug|Any CPU = Debug|Any CPU
		Release|Any CPU = Release|Any CPU
	EndGlobalSection
	GlobalSection(ProjectConfigurationPlatforms) = postSolution
		{65768227-27AB-4C86-9973-35647F255850}.Debug|Any CPU.ActiveCfg = Debug|Any CPU
		{65768227-27AB-4C86-9973-35647F255850}.Debug|Any CPU.Build.0 = Debug|Any CPU
		{65768227-27AB-4C86-9973-35647F255850}.Release|Any CPU.ActiveCfg = Release|Any CPU
		{65768227-27AB-4C86-9973-35647F255850}.Release|Any CPU.Build.0 = Release|Any CPU
		{A9ACAE2D-FDB6-4767-9AAE-0964F051058D}.Debug|Any CPU.ActiveCfg = Debug|Any CPU
		{A9ACAE2D-FDB6-4767-9AAE-0964F051058D}.Debug|Any CPU.Build.0 = Debug|Any CPU
		{A9ACAE2D-FDB6-4767-9AAE-0964F051058D}.Release|Any CPU.ActiveCfg = Release|Any CPU
		{A9ACAE2D-FDB6-4767-9AAE-0964F051058D}.Release|Any CPU.Build.0 = Release|Any CPU
		{10970AC1-9B5A-4670-901C-47B26AF04A64}.Debug|Any CPU.ActiveCfg = Debug|Any CPU
		{10970AC1-9B5A-4670-901C-47B26AF04A64}.Debug|Any CPU.Build.0 = Debug|Any CPU
		{10970AC1-9B5A-4670-901C-47B26AF04A64}.Release|Any CPU.ActiveCfg = Release|Any CPU
		{10970AC1-9B5A-4670-901C-47B26AF04A64}.Release|Any CPU.Build.0 = Release|Any CPU
		{77A7FF15-32E9-44C5-81B0-C96EED8434ED}.Debug|Any CPU.ActiveCfg = Debug|Any CPU
		{77A7FF15-32E9-44C5-81B0-C96EED8434ED}.Debug|Any CPU.Build.0 = Debug|Any CPU
		{77A7FF15-32E9-44C5-81B0-C96EED8434ED}.Release|Any CPU.ActiveCfg = Release|Any CPU
		{77A7FF15-32E9-44C5-81B0-C96EED8434ED}.Release|Any CPU.Build.0 = Release|Any CPU
		{ED76828B-5476-445E-B9E0-AB576F531DFE}.Debug|Any CPU.ActiveCfg = Debug|Any CPU
		{ED76828B-5476-445E-B9E0-AB576F531DFE}.Debug|Any CPU.Build.0 = Debug|Any CPU
		{ED76828B-5476-445E-B9E0-AB576F531DFE}.Release|Any CPU.ActiveCfg = Release|Any CPU
		{ED76828B-5476-445E-B9E0-AB576F531DFE}.Release|Any CPU.Build.0 = Release|Any CPU
		{9C3EF904-6950-499C-BC8D-1527FBB81B0A}.Debug|Any CPU.ActiveCfg = Debug|Any CPU
		{9C3EF904-6950-499C-BC8D-1527FBB81B0A}.Debug|Any CPU.Build.0 = Debug|Any CPU
		{9C3EF904-6950-499C-BC8D-1527FBB81B0A}.Release|Any CPU.ActiveCfg = Release|Any CPU
		{9C3EF904-6950-499C-BC8D-1527FBB81B0A}.Release|Any CPU.Build.0 = Release|Any CPU
		{0F55BC2E-02FC-4F4D-AA52-EEAFED6EDD94}.Debug|Any CPU.ActiveCfg = Debug|Any CPU
		{0F55BC2E-02FC-4F4D-AA52-EEAFED6EDD94}.Debug|Any CPU.Build.0 = Debug|Any CPU
		{0F55BC2E-02FC-4F4D-AA52-EEAFED6EDD94}.Release|Any CPU.ActiveCfg = Release|Any CPU
		{0F55BC2E-02FC-4F4D-AA52-EEAFED6EDD94}.Release|Any CPU.Build.0 = Release|Any CPU
		{7BF2121F-643A-40D4-B5FE-57E603A0F511}.Debug|Any CPU.ActiveCfg = Debug|Any CPU
		{7BF2121F-643A-40D4-B5FE-57E603A0F511}.Debug|Any CPU.Build.0 = Debug|Any CPU
		{7BF2121F-643A-40D4-B5FE-57E603A0F511}.Release|Any CPU.ActiveCfg = Release|Any CPU
		{7BF2121F-643A-40D4-B5FE-57E603A0F511}.Release|Any CPU.Build.0 = Release|Any CPU
		{5B726405-BFED-45DD-976D-28069B4C8826}.Debug|Any CPU.ActiveCfg = Debug|Any CPU
		{5B726405-BFED-45DD-976D-28069B4C8826}.Debug|Any CPU.Build.0 = Debug|Any CPU
		{5B726405-BFED-45DD-976D-28069B4C8826}.Release|Any CPU.ActiveCfg = Release|Any CPU
		{5B726405-BFED-45DD-976D-28069B4C8826}.Release|Any CPU.Build.0 = Release|Any CPU
		{78C26148-1126-488C-9804-17AC9CC0E1F0}.Debug|Any CPU.ActiveCfg = Debug|Any CPU
		{78C26148-1126-488C-9804-17AC9CC0E1F0}.Debug|Any CPU.Build.0 = Debug|Any CPU
		{78C26148-1126-488C-9804-17AC9CC0E1F0}.Release|Any CPU.ActiveCfg = Release|Any CPU
		{78C26148-1126-488C-9804-17AC9CC0E1F0}.Release|Any CPU.Build.0 = Release|Any CPU
		{3867B2B2-4AB6-4808-9103-6C7E83FAF12E}.Debug|Any CPU.ActiveCfg = Debug|Any CPU
		{3867B2B2-4AB6-4808-9103-6C7E83FAF12E}.Debug|Any CPU.Build.0 = Debug|Any CPU
		{3867B2B2-4AB6-4808-9103-6C7E83FAF12E}.Release|Any CPU.ActiveCfg = Release|Any CPU
		{3867B2B2-4AB6-4808-9103-6C7E83FAF12E}.Release|Any CPU.Build.0 = Release|Any CPU
	EndGlobalSection
	GlobalSection(SolutionProperties) = preSolution
		HideSolutionNode = FALSE
	EndGlobalSection
	GlobalSection(NestedProjects) = preSolution
		{3110EB4E-1D7A-4575-AFC0-2A0DFEA4CFA8} = {A637E32D-3AA9-43EC-ABF3-52D61EDEA3DD}
		{65768227-27AB-4C86-9973-35647F255850} = {3110EB4E-1D7A-4575-AFC0-2A0DFEA4CFA8}
		{A9ACAE2D-FDB6-4767-9AAE-0964F051058D} = {3110EB4E-1D7A-4575-AFC0-2A0DFEA4CFA8}
		{10970AC1-9B5A-4670-901C-47B26AF04A64} = {3110EB4E-1D7A-4575-AFC0-2A0DFEA4CFA8}
		{77A7FF15-32E9-44C5-81B0-C96EED8434ED} = {A637E32D-3AA9-43EC-ABF3-52D61EDEA3DD}
		{ED76828B-5476-445E-B9E0-AB576F531DFE} = {A637E32D-3AA9-43EC-ABF3-52D61EDEA3DD}
		{9C3EF904-6950-499C-BC8D-1527FBB81B0A} = {A637E32D-3AA9-43EC-ABF3-52D61EDEA3DD}
		{0F55BC2E-02FC-4F4D-AA52-EEAFED6EDD94} = {A637E32D-3AA9-43EC-ABF3-52D61EDEA3DD}
		{7BF2121F-643A-40D4-B5FE-57E603A0F511} = {A637E32D-3AA9-43EC-ABF3-52D61EDEA3DD}
		{5B726405-BFED-45DD-976D-28069B4C8826} = {3110EB4E-1D7A-4575-AFC0-2A0DFEA4CFA8}
		{78C26148-1126-488C-9804-17AC9CC0E1F0} = {3110EB4E-1D7A-4575-AFC0-2A0DFEA4CFA8}
		{3867B2B2-4AB6-4808-9103-6C7E83FAF12E} = {3110EB4E-1D7A-4575-AFC0-2A0DFEA4CFA8}
	EndGlobalSection
EndGlobal
